
Microsoft Visual Studio Solution File, Format Version 12.00
# Visual Studio 2013
VisualStudioVersion = 12.0.21005.1
MinimumVisualStudioVersion = 10.0.40219.1
Project("{FAE04EC0-301F-11D3-BF4B-00C04F79EFBC}") = "QuyetTienWed", "QuyetTienWed\QuyetTienWed.csproj", "{29083A54-4D53-4097-9981-0418F9EBA2DD}"
EndProject
Project("{FAE04EC0-301F-11D3-BF4B-00C04F79EFBC}") = "QuyetTienWed.Tests", "QuyetTienWed.Tests\QuyetTienWed.Tests.csproj", "{8E9BFAE3-54E0-4D9C-B4E7-EF7B215683D8}"
EndProject
Global
	GlobalSection(SolutionConfigurationPlatforms) = preSolution
		Debug|Any CPU = Debug|Any CPU
		Release|Any CPU = Release|Any CPU
	EndGlobalSection
	GlobalSection(ProjectConfigurationPlatforms) = postSolution
		{29083A54-4D53-4097-9981-0418F9EBA2DD}.Debug|Any CPU.ActiveCfg = Debug|Any CPU
		{29083A54-4D53-4097-9981-0418F9EBA2DD}.Debug|Any CPU.Build.0 = Debug|Any CPU
		{29083A54-4D53-4097-9981-0418F9EBA2DD}.Release|Any CPU.ActiveCfg = Release|Any CPU
		{29083A54-4D53-4097-9981-0418F9EBA2DD}.Release|Any CPU.Build.0 = Release|Any CPU
		{8E9BFAE3-54E0-4D9C-B4E7-EF7B215683D8}.Debug|Any CPU.ActiveCfg = Debug|Any CPU
		{8E9BFAE3-54E0-4D9C-B4E7-EF7B215683D8}.Debug|Any CPU.Build.0 = Debug|Any CPU
		{8E9BFAE3-54E0-4D9C-B4E7-EF7B215683D8}.Release|Any CPU.ActiveCfg = Release|Any CPU
		{8E9BFAE3-54E0-4D9C-B4E7-EF7B215683D8}.Release|Any CPU.Build.0 = Release|Any CPU
	EndGlobalSection
	GlobalSection(SolutionProperties) = preSolution
		HideSolutionNode = FALSE
	EndGlobalSection
EndGlobal
